
Microsoft Visual Studio Solution File, Format Version 12.00
# Visual Studio Version 16
VisualStudioVersion = 16.0.30002.166
MinimumVisualStudioVersion = 10.0.40219.1
Project("{9A19103F-16F7-4668-BE54-9A1E7A4F7556}") = "Insurance", "Insurance.csproj", "{5130C405-B256-4A36-856C-A61A52B90881}"
EndProject
Project("{2150E333-8FDC-42A3-9474-1A3956D46DE8}") = "Library", "Library", "{22DE7A59-2D6A-45ED-9412-5B560BA5DE64}"
EndProject
Project("{FAE04EC0-301F-11D3-BF4B-00C04F79EFBC}") = "Insurance.Core", "..\Insurance.Core\Insurance.Core.csproj", "{F23F3A3E-24EB-4C99-A05D-18AE4FE16EAF}"
EndProject
Global
	GlobalSection(SolutionConfigurationPlatforms) = preSolution
		Debug|Any CPU = Debug|Any CPU
		Release|Any CPU = Release|Any CPU
	EndGlobalSection
	GlobalSection(ProjectConfigurationPlatforms) = postSolution
		{5130C405-B256-4A36-856C-A61A52B90881}.Debug|Any CPU.ActiveCfg = Debug|Any CPU
		{5130C405-B256-4A36-856C-A61A52B90881}.Debug|Any CPU.Build.0 = Debug|Any CPU
		{5130C405-B256-4A36-856C-A61A52B90881}.Release|Any CPU.ActiveCfg = Release|Any CPU
		{5130C405-B256-4A36-856C-A61A52B90881}.Release|Any CPU.Build.0 = Release|Any CPU
		{F23F3A3E-24EB-4C99-A05D-18AE4FE16EAF}.Debug|Any CPU.ActiveCfg = Debug|Any CPU
		{F23F3A3E-24EB-4C99-A05D-18AE4FE16EAF}.Debug|Any CPU.Build.0 = Debug|Any CPU
		{F23F3A3E-24EB-4C99-A05D-18AE4FE16EAF}.Release|Any CPU.ActiveCfg = Release|Any CPU
		{F23F3A3E-24EB-4C99-A05D-18AE4FE16EAF}.Release|Any CPU.Build.0 = Release|Any CPU
	EndGlobalSection
	GlobalSection(SolutionProperties) = preSolution
		HideSolutionNode = FALSE
	EndGlobalSection
	GlobalSection(NestedProjects) = preSolution
		{F23F3A3E-24EB-4C99-A05D-18AE4FE16EAF} = {22DE7A59-2D6A-45ED-9412-5B560BA5DE64}
	EndGlobalSection
	GlobalSection(ExtensibilityGlobals) = postSolution
		SolutionGuid = {0261374C-31E8-4FB9-9706-2D51FE0C71C1}
	EndGlobalSection
EndGlobal
